{
  "name": "devup",
  "version": "1.0.0",
  "lockfileVersion": 3,
  "requires": true,
  "packages": {
    "": {
      "name": "devup",
      "version": "1.0.0",
      "dependencies": {
        "zerosetup": "^2.1.0"
      },
      "bin": {
        "devup": "devup.js"
      }
    },
    "node_modules/zerosetup": {
      "version": "2.1.0",
      "resolved": "https://registry.npmjs.org/zerosetup/-/zerosetup-2.1.0.tgz",
      "integrity": "sha512-orvNSSamq/FCiWSl6M3271KY88isyylnMyuL87kHzgdFzrnKn6EblesL0fXxRNL0645voSRFFgRgD/UNv6dz0Q==",
      "license": "MIT",
      "bin": {
        "zerosetup": "init.js"
      }
    }
  }
}
