{
  "name": "devfault-cli",
  "version": "2.2.0",
  "lockfileVersion": 3,
  "requires": true,
  "packages": {
    "": {
      "name": "devfault-cli",
      "version": "2.2.0",
      "license": "MIT",
      "dependencies": {
        "smart-install": "github:Jeffrey0117/smart-install",
        "zerosetup": "^2.1.0"
      },
      "bin": {
        "devfault": "devfault.js"
      }
    },
    "node_modules/smart-install": {
      "version": "1.0.0",
      "resolved": "git+ssh://git@github.com/Jeffrey0117/smart-install.git#af0728fc78a7e91c64e96a04978054728469ea88",
      "license": "MIT",
      "bin": {
        "smart-install": "bin/cli.js"
      }
    },
    "node_modules/zerosetup": {
      "version": "2.1.0",
      "resolved": "https://registry.npmjs.org/zerosetup/-/zerosetup-2.1.0.tgz",
      "integrity": "sha512-orvNSSamq/FCiWSl6M3271KY88isyylnMyuL87kHzgdFzrnKn6EblesL0fXxRNL0645voSRFFgRgD/UNv6dz0Q==",
      "license": "MIT",
      "bin": {
        "zerosetup": "init.js"
      }
    }
  }
}
